
Microsoft Visual Studio Solution File, Format Version 12.00
# Visual Studio Version 16
VisualStudioVersion = 16.0.30104.148
MinimumVisualStudioVersion = 10.0.40219.1
Project("{FAE04EC0-301F-11D3-BF4B-00C04F79EFBC}") = "HelloWorld", "HelloWorld.csproj", "{5752C1F8-78DB-47BF-B297-4AD8BA46454A}"
EndProject
Global
	GlobalSection(SolutionConfigurationPlatforms) = preSolution
		Debug|Any CPU = Debug|Any CPU
		Release|Any CPU = Release|Any CPU
	EndGlobalSection
	GlobalSection(ProjectConfigurationPlatforms) = postSolution
		{5752C1F8-78DB-47BF-B297-4AD8BA46454A}.Debug|Any CPU.ActiveCfg = Debug|Any CPU
		{5752C1F8-78DB-47BF-B297-4AD8BA46454A}.Debug|Any CPU.Build.0 = Debug|Any CPU
		{5752C1F8-78DB-47BF-B297-4AD8BA46454A}.Release|Any CPU.ActiveCfg = Release|Any CPU
		{5752C1F8-78DB-47BF-B297-4AD8BA46454A}.Release|Any CPU.Build.0 = Release|Any CPU
	EndGlobalSection
	GlobalSection(SolutionProperties) = preSolution
		HideSolutionNode = FALSE
	EndGlobalSection
	GlobalSection(ExtensibilityGlobals) = postSolution
		SolutionGuid = {1F3DD4C5-89D7-451A-83F8-3D65069774AF}
	EndGlobalSection
EndGlobal
