
Microsoft Visual Studio Solution File, Format Version 12.00
# Visual Studio Version 17
VisualStudioVersion = 17.2.32526.322
MinimumVisualStudioVersion = 10.0.40219.1
Project("{FAE04EC0-301F-11D3-BF4B-00C04F79EFBC}") = "PracticalWork2", "PracticalWork2\PracticalWork2.csproj", "{494C89AF-4B85-4AD2-8912-ABBC72CB5A53}"
EndProject
Global
	GlobalSection(SolutionConfigurationPlatforms) = preSolution
		Debug|Any CPU = Debug|Any CPU
		Release|Any CPU = Release|Any CPU
	EndGlobalSection
	GlobalSection(ProjectConfigurationPlatforms) = postSolution
		{494C89AF-4B85-4AD2-8912-ABBC72CB5A53}.Debug|Any CPU.ActiveCfg = Debug|Any CPU
		{494C89AF-4B85-4AD2-8912-ABBC72CB5A53}.Debug|Any CPU.Build.0 = Debug|Any CPU
		{494C89AF-4B85-4AD2-8912-ABBC72CB5A53}.Release|Any CPU.ActiveCfg = Release|Any CPU
		{494C89AF-4B85-4AD2-8912-ABBC72CB5A53}.Release|Any CPU.Build.0 = Release|Any CPU
	EndGlobalSection
	GlobalSection(SolutionProperties) = preSolution
		HideSolutionNode = FALSE
	EndGlobalSection
	GlobalSection(ExtensibilityGlobals) = postSolution
		SolutionGuid = {139530EA-05C1-46AC-88FE-DD506003428B}
	EndGlobalSection
EndGlobal
